{
    "version": 3,
    "terraform_version": "0.11.10",
    "serial": 6,
    "lineage": "551efcdc-cde5-7827-28fd-0792a15583da",
    "modules": [
        {
            "path": [
                "root"
            ],
            "outputs": {
                "ResourceGroupName": {
                    "sensitive": false,
                    "type": "string",
                    "value": "table5jdapprg"
                },
                "appid": {
                    "sensitive": false,
                    "type": "string",
                    "value": "93cfe402-0930-4fb2-83e0-2e9df63932f4"
                }
            },
            "resources": {
                "azurerm_public_ip.myip": {
                    "type": "azurerm_public_ip",
                    "depends_on": [
                        "azurerm_resource_group.thegroup"
                    ],
                    "primary": {
                        "id": "/subscriptions/0ab9ad2e-f316-4da5-b243-e7f65da24755/resourceGroups/table5jdapprg/providers/Microsoft.Network/publicIPAddresses/table5jdpubip",
                        "attributes": {
                            "id": "/subscriptions/0ab9ad2e-f316-4da5-b243-e7f65da24755/resourceGroups/table5jdapprg/providers/Microsoft.Network/publicIPAddresses/table5jdpubip",
                            "idle_timeout_in_minutes": "4",
                            "ip_address": "",
                            "ip_version": "ipv4",
                            "location": "westeurope",
                            "name": "table5jdpubip",
                            "public_ip_address_allocation": "dynamic",
                            "resource_group_name": "table5jdapprg",
                            "sku": "Basic",
                            "tags.%": "1",
                            "tags.environment": "Testing",
                            "zones.#": "0"
                        },
                        "meta": {},
                        "tainted": false
                    },
                    "deposed": [],
                    "provider": "provider.azurerm"
                },
                "azurerm_resource_group.thegroup": {
                    "type": "azurerm_resource_group",
                    "depends_on": [],
                    "primary": {
                        "id": "/subscriptions/0ab9ad2e-f316-4da5-b243-e7f65da24755/resourceGroups/table5jdapprg",
                        "attributes": {
                            "id": "/subscriptions/0ab9ad2e-f316-4da5-b243-e7f65da24755/resourceGroups/table5jdapprg",
                            "location": "westeurope",
                            "name": "table5jdapprg",
                            "tags.%": "0"
                        },
                        "meta": {},
                        "tainted": false
                    },
                    "deposed": [],
                    "provider": "provider.azurerm"
                },
                "azurerm_subnet.mysubnet": {
                    "type": "azurerm_subnet",
                    "depends_on": [
                        "azurerm_resource_group.thegroup",
                        "azurerm_virtual_network.mynet"
                    ],
                    "primary": {
                        "id": "/subscriptions/0ab9ad2e-f316-4da5-b243-e7f65da24755/resourceGroups/table5jdapprg/providers/Microsoft.Network/virtualNetworks/myvnet/subnets/mysubnet",
                        "attributes": {
                            "address_prefix": "10.0.1.0/24",
                            "id": "/subscriptions/0ab9ad2e-f316-4da5-b243-e7f65da24755/resourceGroups/table5jdapprg/providers/Microsoft.Network/virtualNetworks/myvnet/subnets/mysubnet",
                            "ip_configurations.#": "0",
                            "name": "mysubnet",
                            "resource_group_name": "table5jdapprg",
                            "route_table_id": "",
                            "service_endpoints.#": "0",
                            "virtual_network_name": "myvnet"
                        },
                        "meta": {},
                        "tainted": false
                    },
                    "deposed": [],
                    "provider": "provider.azurerm"
                },
                "azurerm_virtual_network.mynet": {
                    "type": "azurerm_virtual_network",
                    "depends_on": [
                        "azurerm_resource_group.thegroup"
                    ],
                    "primary": {
                        "id": "/subscriptions/0ab9ad2e-f316-4da5-b243-e7f65da24755/resourceGroups/table5jdapprg/providers/Microsoft.Network/virtualNetworks/myvnet",
                        "attributes": {
                            "address_space.#": "1",
                            "address_space.0": "10.0.0.0/16",
                            "dns_servers.#": "0",
                            "id": "/subscriptions/0ab9ad2e-f316-4da5-b243-e7f65da24755/resourceGroups/table5jdapprg/providers/Microsoft.Network/virtualNetworks/myvnet",
                            "location": "westeurope",
                            "name": "myvnet",
                            "resource_group_name": "table5jdapprg",
                            "subnet.#": "1",
                            "subnet.3556314000.address_prefix": "10.0.1.0/24",
                            "subnet.3556314000.id": "/subscriptions/0ab9ad2e-f316-4da5-b243-e7f65da24755/resourceGroups/table5jdapprg/providers/Microsoft.Network/virtualNetworks/myvnet/subnets/mysubnet",
                            "subnet.3556314000.name": "mysubnet",
                            "subnet.3556314000.security_group": "",
                            "tags.%": "1",
                            "tags.environment": "Testing"
                        },
                        "meta": {},
                        "tainted": false
                    },
                    "deposed": [],
                    "provider": "provider.azurerm"
                }
            },
            "depends_on": []
        }
    ]
}
